liblbug-linux-x86_64.tar.gz  1fa1297620cd7bb05975ced5e41be751b236dae91244979d3502d39295655d70
liblbug-linux-aarch64.tar.gz  b2f41815b55c7e5b06bbbec8375b4bbd39567b767a2ee77c7dfa729c814737a7
liblbug-osx-x86_64.tar.gz  7a85ca96c590cb1746f1fd1e27ae170fda0d774852a747100bb9f2a393b2e640
liblbug-osx-arm64.tar.gz  f626987fe10f6520146793575677d004962b4c6a0dea71cbbca75e73ab673622
liblbug-windows-x86_64.zip  89e65ca97e67dfc6fbe069cd2e190803ee80c7912d835a0a647b3d060dbe1094
liblbug-windows-arm64.zip  4e9836fb904ee79ea36556278e310a14dcbf1d172d071b6f2568eeffc29d9574
